<?xml version="1.0" encoding="utf-8"?>
<Project ToolsVersion="4.0" xmlns="http://schemas.microsoft.com/developer/msbuild/2003">
  <ItemGroup>
    <Filter Include="Pliki źródłowe">
      <UniqueIdentifier>{4FC737F1-C7A5-4376-A066-2A32D752A2FF}</UniqueIdentifier>
      <Extensions>cpp;c;cc;cxx;c++;cppm;ixx;def;odl;idl;hpj;bat;asm;asmx</Extensions>
    </Filter>
    <Filter Include="Pliki nagłówkowe">
      <UniqueIdentifier>{93995380-89BD-4b04-88EB-625FBE52EBFB}</UniqueIdentifier>
      <Extensions>h;hh;hpp;hxx;h++;hm;inl;inc;ipp;xsd</Extensions>
    </Filter>
    <Filter Include="Pliki zasobów">
      <UniqueIdentifier>{67DA6AB6-F800-4c08-8B7A-83BB121AAD01}</UniqueIdentifier>
      <Extensions>rc;ico;cur;bmp;dlg;rc2;rct;bin;rgs;gif;jpg;jpeg;jpe;resx;tiff;tif;png;wav;mfcribbon-ms</Extensions>
    </Filter>
    <Filter Include="Pliki źródłowe\query">
      <UniqueIdentifier>{d289d2a8-be81-4ad6-9573-86bf21b74e1e}</UniqueIdentifier>
    </Filter>
    <Filter Include="Pliki źródłowe\additions">
      <UniqueIdentifier>{07079584-12c4-4b0d-bafa-e485573f36e0}</UniqueIdentifier>
    </Filter>
    <Filter Include="Pliki źródłowe\additions\isMouseInRange">
      <UniqueIdentifier>{1433c1e4-2f13-4cf3-b4b6-f8e51603daa4}</UniqueIdentifier>
    </Filter>
    <Filter Include="Pliki źródłowe\additions\drawMenuElement">
      <UniqueIdentifier>{e31f5737-217d-4049-b5ed-be260d932222}</UniqueIdentifier>
    </Filter>
    <Filter Include="Pliki źródłowe\additions\modifyBackgroundColor">
      <UniqueIdentifier>{b313c93a-be25-45fc-b696-2b534a422c11}</UniqueIdentifier>
    </Filter>
    <Filter Include="Pliki źródłowe\state">
      <UniqueIdentifier>{bb7ddb4e-22a8-42c1-ada9-6849cb552b6f}</UniqueIdentifier>
    </Filter>
    <Filter Include="Pliki źródłowe\additions\inputBox">
      <UniqueIdentifier>{95aae1f3-754b-4d14-92c9-1a537460189d}</UniqueIdentifier>
    </Filter>
    <Filter Include="Pliki nagłówkowe\GridTile">
      <UniqueIdentifier>{f3e44122-4711-4bbc-a82a-d0ee12dd8f35}</UniqueIdentifier>
    </Filter>
    <Filter Include="Pliki źródłowe\additions\ProvinceTextures">
      <UniqueIdentifier>{1d49fed9-4afd-4d82-b780-08b1fe4cf441}</UniqueIdentifier>
    </Filter>
    <Filter Include="Pliki źródłowe\additions\LoadingScreen">
      <UniqueIdentifier>{6706ad3b-1312-47e4-94f2-1980af8b9c90}</UniqueIdentifier>
    </Filter>
    <Filter Include="Pliki źródłowe\additions\createCamera">
      <UniqueIdentifier>{0cb45cba-529d-4121-9f29-fb22de057aef}</UniqueIdentifier>
    </Filter>
    <Filter Include="Pliki źródłowe\query\Player">
      <UniqueIdentifier>{c1c03008-f3c1-47b4-b275-e40ee4efcac3}</UniqueIdentifier>
    </Filter>
    <Filter Include="Pliki źródłowe\query\User">
      <UniqueIdentifier>{a9df976c-ed0c-43bc-89ec-3ed9657de62d}</UniqueIdentifier>
    </Filter>
    <Filter Include="Pliki źródłowe\query\Game Session">
      <UniqueIdentifier>{92ac534b-0eb0-4173-a081-81c28d6ba1e4}</UniqueIdentifier>
    </Filter>
    <Filter Include="Pliki źródłowe\query\Session / Map">
      <UniqueIdentifier>{0b0b35c6-41a1-46bb-b8e7-5faa1739bea6}</UniqueIdentifier>
    </Filter>
    <Filter Include="Pliki źródłowe\query\Session / Map\GetPoliticalDivision">
      <UniqueIdentifier>{d28b750f-ea83-4564-9663-1cc8c31fb9ff}</UniqueIdentifier>
    </Filter>
    <Filter Include="Pliki źródłowe\query\Session / Map\GetCivilizations">
      <UniqueIdentifier>{4c735ccb-ebab-4d71-8e27-8957a409ded7}</UniqueIdentifier>
    </Filter>
    <Filter Include="Pliki źródłowe\query\Map">
      <UniqueIdentifier>{31cffd5c-1850-4552-bac4-8f4cd2ceb00b}</UniqueIdentifier>
    </Filter>
    <Filter Include="Pliki źródłowe\query\Map\GetMaps">
      <UniqueIdentifier>{4fa5edae-bb2c-4a68-bd0a-f1c599286488}</UniqueIdentifier>
    </Filter>
    <Filter Include="Pliki źródłowe\query\Map\GetDimensions">
      <UniqueIdentifier>{f9c83f50-57fe-49ce-8e39-1cd67cfba6c2}</UniqueIdentifier>
    </Filter>
    <Filter Include="Pliki źródłowe\query\Session / Map\Province">
      <UniqueIdentifier>{52acbfb5-0397-46a4-8367-f7eda8e1f087}</UniqueIdentifier>
    </Filter>
    <Filter Include="Pliki źródłowe\query\Session / Map\Province\GetProvinces">
      <UniqueIdentifier>{ee4780e9-859f-4d20-a23d-092330d48d94}</UniqueIdentifier>
    </Filter>
    <Filter Include="Pliki źródłowe\query\Session / Map\Province\GetProvinceInformation">
      <UniqueIdentifier>{3a3a28ba-f204-4f7f-8a91-efb978a713eb}</UniqueIdentifier>
    </Filter>
    <Filter Include="Pliki źródłowe\query\Terrain">
      <UniqueIdentifier>{69f76fd0-13b7-4b4f-bbf8-356123991e92}</UniqueIdentifier>
    </Filter>
    <Filter Include="Pliki źródłowe\state\play">
      <UniqueIdentifier>{bdabb1de-4b89-4b89-8852-41d8e27603d5}</UniqueIdentifier>
    </Filter>
  </ItemGroup>
  <ItemGroup>
    <ClCompile Include="DatbaseProject.c">
      <Filter>Pliki źródłowe</Filter>
    </ClCompile>
    <ClCompile Include="query.c">
      <Filter>Pliki źródłowe\query</Filter>
    </ClCompile>
    <ClCompile Include="drawMenuElement.c">
      <Filter>Pliki źródłowe\additions\drawMenuElement</Filter>
    </ClCompile>
    <ClCompile Include="modifyBackgroundColor.c">
      <Filter>Pliki źródłowe\additions\modifyBackgroundColor</Filter>
    </ClCompile>
    <ClCompile Include="menu.c">
      <Filter>Pliki źródłowe\state</Filter>
    </ClCompile>
    <ClCompile Include="pause.c">
      <Filter>Pliki źródłowe\state</Filter>
    </ClCompile>
    <ClCompile Include="cube.c">
      <Filter>Pliki źródłowe\state</Filter>
    </ClCompile>
    <ClCompile Include="register.c">
      <Filter>Pliki źródłowe\state</Filter>
    </ClCompile>
    <ClCompile Include="loadGame.c">
      <Filter>Pliki źródłowe\state</Filter>
    </ClCompile>
    <ClCompile Include="playerList.c">
      <Filter>Pliki źródłowe\state</Filter>
    </ClCompile>
    <ClCompile Include="inputBox.c">
      <Filter>Pliki źródłowe\additions\inputBox</Filter>
    </ClCompile>
    <ClCompile Include="createGame.c">
      <Filter>Pliki źródłowe\state</Filter>
    </ClCompile>
    <ClCompile Include="login.c">
      <Filter>Pliki źródłowe\state</Filter>
    </ClCompile>
    <ClCompile Include="gameSetup.c">
      <Filter>Pliki źródłowe\state</Filter>
    </ClCompile>
    <ClCompile Include="mapDebug.c">
      <Filter>Pliki źródłowe</Filter>
    </ClCompile>
    <ClCompile Include="GetTerrain.c">
      <Filter>Pliki źródłowe\query\Terrain</Filter>
    </ClCompile>
    <ClCompile Include="GridTileDef.c">
      <Filter>Pliki nagłówkowe\GridTile</Filter>
    </ClCompile>
    <ClCompile Include="ProvinceTextures.c">
      <Filter>Pliki źródłowe\additions\ProvinceTextures</Filter>
    </ClCompile>
    <ClCompile Include="GetCivilizations.c">
      <Filter>Pliki źródłowe\query\Session / Map\GetCivilizations</Filter>
    </ClCompile>
    <ClCompile Include="GetPoliticalDivision.c">
      <Filter>Pliki źródłowe\query\Session / Map\GetPoliticalDivision</Filter>
    </ClCompile>
    <ClCompile Include="GetMaps.c">
      <Filter>Pliki źródłowe\query\Map\GetMaps</Filter>
    </ClCompile>
    <ClCompile Include="LoadingScreen.c">
      <Filter>Pliki źródłowe\additions\LoadingScreen</Filter>
    </ClCompile>
    <ClCompile Include="getDimensions.c">
      <Filter>Pliki źródłowe\query\Map\GetDimensions</Filter>
    </ClCompile>
    <ClCompile Include="play.c">
      <Filter>Pliki źródłowe\state</Filter>
    </ClCompile>
    <ClCompile Include="AddUser.c">
      <Filter>Pliki źródłowe\query\User</Filter>
    </ClCompile>
    <ClCompile Include="GetUsers.c">
      <Filter>Pliki źródłowe\query\User</Filter>
    </ClCompile>
    <ClCompile Include="logInQuery.c">
      <Filter>Pliki źródłowe\query\User</Filter>
    </ClCompile>
    <ClCompile Include="ShowPlayer.c">
      <Filter>Pliki źródłowe\query\Player</Filter>
    </ClCompile>
    <ClCompile Include="RemovePlayer.c">
      <Filter>Pliki źródłowe\query\Player</Filter>
    </ClCompile>
    <ClCompile Include="AssignCivilization.c">
      <Filter>Pliki źródłowe\query\Player</Filter>
    </ClCompile>
    <ClCompile Include="AddPlayer.c">
      <Filter>Pliki źródłowe\query\Player</Filter>
    </ClCompile>
    <ClCompile Include="GetProvinces.c">
      <Filter>Pliki źródłowe\query\Session / Map\Province</Filter>
    </ClCompile>
    <ClCompile Include="GetProvinceInformation.c">
      <Filter>Pliki źródłowe\query\Session / Map\Province</Filter>
    </ClCompile>
    <ClCompile Include="CheckIfReady.c">
      <Filter>Pliki źródłowe\query\Game Session</Filter>
    </ClCompile>
    <ClCompile Include="createGameSession.c">
      <Filter>Pliki źródłowe\query\Game Session</Filter>
    </ClCompile>
    <ClCompile Include="GetCurrentDate.c">
      <Filter>Pliki źródłowe\query\Game Session</Filter>
    </ClCompile>
    <ClCompile Include="getGameSessions.c">
      <Filter>Pliki źródłowe\query\Game Session</Filter>
    </ClCompile>
    <ClCompile Include="UpdateCurrentDate.c">
      <Filter>Pliki źródłowe\query\Game Session</Filter>
    </ClCompile>
    <ClCompile Include="BuildCity.c">
      <Filter>Pliki źródłowe\query\Game Session</Filter>
    </ClCompile>
    <ClCompile Include="GetCityConstructionDate.c">
      <Filter>Pliki źródłowe\query\Game Session</Filter>
    </ClCompile>
    <ClCompile Include="GetBuildingType.c">
      <Filter>Pliki źródłowe\query\Game Session</Filter>
    </ClCompile>
    <ClCompile Include="cityBox.c">
      <Filter>Pliki źródłowe\state\play</Filter>
    </ClCompile>
    <ClCompile Include="provinceBox.c">
      <Filter>Pliki źródłowe\state\play</Filter>
    </ClCompile>
    <ClCompile Include="buildingBox.c">
      <Filter>Pliki źródłowe\state\play</Filter>
    </ClCompile>
    <ClCompile Include="countryBox.c">
      <Filter>Pliki źródłowe\state\play</Filter>
    </ClCompile>
    <ClCompile Include="errorLayer.c">
      <Filter>Pliki źródłowe\state\play</Filter>
    </ClCompile>
    <ClCompile Include="drawTopLayer.c">
      <Filter>Pliki źródłowe\state\play</Filter>
    </ClCompile>
    <ClCompile Include="map.c">
      <Filter>Pliki źródłowe\state\play</Filter>
    </ClCompile>
  </ItemGroup>
  <ItemGroup>
    <ClInclude Include="query.h">
      <Filter>Pliki źródłowe\query</Filter>
    </ClInclude>
    <ClInclude Include="isMouseInRange.h">
      <Filter>Pliki źródłowe\additions\isMouseInRange</Filter>
    </ClInclude>
    <ClInclude Include="drawMenuElement.h">
      <Filter>Pliki źródłowe\additions\drawMenuElement</Filter>
    </ClInclude>
    <ClInclude Include="modifyBackgroundColor.h">
      <Filter>Pliki źródłowe\additions\modifyBackgroundColor</Filter>
    </ClInclude>
    <ClInclude Include="position.h">
      <Filter>Pliki nagłówkowe</Filter>
    </ClInclude>
    <ClInclude Include="state.h">
      <Filter>Pliki nagłówkowe</Filter>
    </ClInclude>
    <ClInclude Include="inputBox.h">
      <Filter>Pliki źródłowe\additions\inputBox</Filter>
    </ClInclude>
    <ClInclude Include="Terrain.h">
      <Filter>Pliki źródłowe\query\Terrain</Filter>
    </ClInclude>
    <ClInclude Include="GetProvinces.h">
      <Filter>Pliki źródłowe\query\Session / Map\Province\GetProvinces</Filter>
    </ClInclude>
    <ClInclude Include="GridTileDef.h">
      <Filter>Pliki nagłówkowe\GridTile</Filter>
    </ClInclude>
    <ClInclude Include="ProvinceTextures.h">
      <Filter>Pliki źródłowe\additions\ProvinceTextures</Filter>
    </ClInclude>
    <ClInclude Include="GetCivilizations.h">
      <Filter>Pliki źródłowe\query\Session / Map\GetCivilizations</Filter>
    </ClInclude>
    <ClInclude Include="GetPoliticalDivision.h">
      <Filter>Pliki źródłowe\query\Session / Map\GetPoliticalDivision</Filter>
    </ClInclude>
    <ClInclude Include="GetMaps.h">
      <Filter>Pliki źródłowe\query\Map\GetMaps</Filter>
    </ClInclude>
    <ClInclude Include="LoadingScreen.h">
      <Filter>Pliki źródłowe\additions\LoadingScreen</Filter>
    </ClInclude>
    <ClInclude Include="gameInformations.h">
      <Filter>Pliki nagłówkowe</Filter>
    </ClInclude>
    <ClInclude Include="createCamera.h">
      <Filter>Pliki źródłowe\additions\createCamera</Filter>
    </ClInclude>
    <ClInclude Include="getDimensions.h">
      <Filter>Pliki źródłowe\query\Map\GetDimensions</Filter>
    </ClInclude>
    <ClInclude Include="GetProvinceInformation.h">
      <Filter>Pliki źródłowe\query\Session / Map\Province\GetProvinceInformation</Filter>
    </ClInclude>
    <ClInclude Include="User.h">
      <Filter>Pliki źródłowe\query\User</Filter>
    </ClInclude>
    <ClInclude Include="Player.h">
      <Filter>Pliki źródłowe\query\Player</Filter>
    </ClInclude>
    <ClInclude Include="Province.h">
      <Filter>Pliki źródłowe\query\Session / Map\Province</Filter>
    </ClInclude>
    <ClInclude Include="GameSession.h">
      <Filter>Pliki źródłowe\query\Game Session</Filter>
    </ClInclude>
    <ClInclude Include="play.h">
      <Filter>Pliki źródłowe\state\play</Filter>
    </ClInclude>
  </ItemGroup>
</Project>