<?xml version="1.0" encoding="utf-8"?>
<Project ToolsVersion="4.0" xmlns="http://schemas.microsoft.com/developer/msbuild/2003">
  <ItemGroup>
    <Filter Include="Pliki źródłowe">
      <UniqueIdentifier>{4FC737F1-C7A5-4376-A066-2A32D752A2FF}</UniqueIdentifier>
      <Extensions>cpp;c;cc;cxx;c++;cppm;ixx;def;odl;idl;hpj;bat;asm;asmx</Extensions>
    </Filter>
    <Filter Include="Pliki nagłówkowe">
      <UniqueIdentifier>{93995380-89BD-4b04-88EB-625FBE52EBFB}</UniqueIdentifier>
      <Extensions>h;hh;hpp;hxx;h++;hm;inl;inc;ipp;xsd</Extensions>
    </Filter>
    <Filter Include="Pliki zasobów">
      <UniqueIdentifier>{67DA6AB6-F800-4c08-8B7A-83BB121AAD01}</UniqueIdentifier>
      <Extensions>rc;ico;cur;bmp;dlg;rc2;rct;bin;rgs;gif;jpg;jpeg;jpe;resx;tiff;tif;png;wav;mfcribbon-ms</Extensions>
    </Filter>
    <Filter Include="Pliki źródłowe\query">
      <UniqueIdentifier>{d289d2a8-be81-4ad6-9573-86bf21b74e1e}</UniqueIdentifier>
    </Filter>
    <Filter Include="Pliki źródłowe\additions">
      <UniqueIdentifier>{07079584-12c4-4b0d-bafa-e485573f36e0}</UniqueIdentifier>
    </Filter>
    <Filter Include="Pliki źródłowe\additions\isMouseInRange">
      <UniqueIdentifier>{1433c1e4-2f13-4cf3-b4b6-f8e51603daa4}</UniqueIdentifier>
    </Filter>
    <Filter Include="Pliki źródłowe\additions\drawMenuElement">
      <UniqueIdentifier>{e31f5737-217d-4049-b5ed-be260d932222}</UniqueIdentifier>
    </Filter>
    <Filter Include="Pliki źródłowe\additions\modifyBackgroundColor">
      <UniqueIdentifier>{b313c93a-be25-45fc-b696-2b534a422c11}</UniqueIdentifier>
    </Filter>
    <Filter Include="Pliki źródłowe\state">
      <UniqueIdentifier>{bb7ddb4e-22a8-42c1-ada9-6849cb552b6f}</UniqueIdentifier>
    </Filter>
    <Filter Include="Pliki źródłowe\query\AddUser">
      <UniqueIdentifier>{1d3f00c7-d81b-46b4-bc58-2728325d5a36}</UniqueIdentifier>
    </Filter>
    <Filter Include="Pliki źródłowe\additions\inputBox">
      <UniqueIdentifier>{95aae1f3-754b-4d14-92c9-1a537460189d}</UniqueIdentifier>
    </Filter>
    <Filter Include="Pliki źródłowe\query\GetUsers">
      <UniqueIdentifier>{3fcb0846-28f9-40b5-b4ff-979073818551}</UniqueIdentifier>
    </Filter>
    <Filter Include="Pliki źródłowe\query\LogIn">
      <UniqueIdentifier>{e2ad2aeb-2075-4e46-940d-34a40eabd53a}</UniqueIdentifier>
    </Filter>
    <Filter Include="Pliki źródłowe\query\createGameSession">
      <UniqueIdentifier>{52af4511-958f-4a23-a94f-40d440da4729}</UniqueIdentifier>
    </Filter>
    <Filter Include="Pliki źródłowe\query\GetGameSessions">
      <UniqueIdentifier>{f12572ca-c902-4800-9fdd-5008916413ba}</UniqueIdentifier>
    </Filter>
    <Filter Include="Pliki źródłowe\query\GetTerrain">
      <UniqueIdentifier>{69f76fd0-13b7-4b4f-bbf8-356123991e92}</UniqueIdentifier>
    </Filter>
    <Filter Include="Pliki źródłowe\query\GetProvinces">
      <UniqueIdentifier>{ee4780e9-859f-4d20-a23d-092330d48d94}</UniqueIdentifier>
    </Filter>
    <Filter Include="Pliki nagłówkowe\GridTile">
      <UniqueIdentifier>{f3e44122-4711-4bbc-a82a-d0ee12dd8f35}</UniqueIdentifier>
    </Filter>
    <Filter Include="Pliki źródłowe\additions\ProvinceTextures">
      <UniqueIdentifier>{1d49fed9-4afd-4d82-b780-08b1fe4cf441}</UniqueIdentifier>
    </Filter>
    <Filter Include="Pliki źródłowe\query\GetCivilizations">
      <UniqueIdentifier>{4c735ccb-ebab-4d71-8e27-8957a409ded7}</UniqueIdentifier>
    </Filter>
    <Filter Include="Pliki źródłowe\query\GetPoliticalDivision">
      <UniqueIdentifier>{d28b750f-ea83-4564-9663-1cc8c31fb9ff}</UniqueIdentifier>
    </Filter>
  </ItemGroup>
  <ItemGroup>
    <ClCompile Include="DatbaseProject.c">
      <Filter>Pliki źródłowe</Filter>
    </ClCompile>
    <ClCompile Include="query.c">
      <Filter>Pliki źródłowe\query</Filter>
    </ClCompile>
    <ClCompile Include="drawMenuElement.c">
      <Filter>Pliki źródłowe\additions\drawMenuElement</Filter>
    </ClCompile>
    <ClCompile Include="modifyBackgroundColor.c">
      <Filter>Pliki źródłowe\additions\modifyBackgroundColor</Filter>
    </ClCompile>
    <ClCompile Include="menu.c">
      <Filter>Pliki źródłowe\state</Filter>
    </ClCompile>
    <ClCompile Include="pause.c">
      <Filter>Pliki źródłowe\state</Filter>
    </ClCompile>
    <ClCompile Include="cube.c">
      <Filter>Pliki źródłowe\state</Filter>
    </ClCompile>
    <ClCompile Include="register.c">
      <Filter>Pliki źródłowe\state</Filter>
    </ClCompile>
    <ClCompile Include="AddUser.c">
      <Filter>Pliki źródłowe\query\AddUser</Filter>
    </ClCompile>
    <ClCompile Include="loadGame.c">
      <Filter>Pliki źródłowe\state</Filter>
    </ClCompile>
    <ClCompile Include="playerList.c">
      <Filter>Pliki źródłowe\state</Filter>
    </ClCompile>
    <ClCompile Include="inputBox.c">
      <Filter>Pliki źródłowe\additions\inputBox</Filter>
    </ClCompile>
    <ClCompile Include="GetUsers.c">
      <Filter>Pliki źródłowe\query\GetUsers</Filter>
    </ClCompile>
    <ClCompile Include="createGame.c">
      <Filter>Pliki źródłowe\state</Filter>
    </ClCompile>
    <ClCompile Include="login.c">
      <Filter>Pliki źródłowe\state</Filter>
    </ClCompile>
    <ClCompile Include="logInQuery.c">
      <Filter>Pliki źródłowe\query\LogIn</Filter>
    </ClCompile>
    <ClCompile Include="createGameSession.c">
      <Filter>Pliki źródłowe\query\createGameSession</Filter>
    </ClCompile>
    <ClCompile Include="gameSetup.c">
      <Filter>Pliki źródłowe\state</Filter>
    </ClCompile>
    <ClCompile Include="getGameSessions.c">
      <Filter>Pliki źródłowe\query\GetGameSessions</Filter>
    </ClCompile>
    <ClCompile Include="mapDebug.c">
      <Filter>Pliki źródłowe</Filter>
    </ClCompile>
    <ClCompile Include="GetTerrain.c">
      <Filter>Pliki źródłowe\query\GetTerrain</Filter>
    </ClCompile>
    <ClCompile Include="GetProvinces.c">
      <Filter>Pliki źródłowe\query\GetProvinces</Filter>
    </ClCompile>
    <ClCompile Include="GridTileDef.c">
      <Filter>Pliki nagłówkowe\GridTile</Filter>
    </ClCompile>
    <ClCompile Include="ProvinceTextures.c">
      <Filter>Pliki źródłowe\additions\ProvinceTextures</Filter>
    </ClCompile>
    <ClCompile Include="GetCivilizations.c">
      <Filter>Pliki źródłowe\query\GetCivilizations</Filter>
    </ClCompile>
    <ClCompile Include="GetPoliticalDivision.c">
      <Filter>Pliki źródłowe\query\GetPoliticalDivision</Filter>
    </ClCompile>
  </ItemGroup>
  <ItemGroup>
    <ClInclude Include="query.h">
      <Filter>Pliki źródłowe\query</Filter>
    </ClInclude>
    <ClInclude Include="isMouseInRange.h">
      <Filter>Pliki źródłowe\additions\isMouseInRange</Filter>
    </ClInclude>
    <ClInclude Include="drawMenuElement.h">
      <Filter>Pliki źródłowe\additions\drawMenuElement</Filter>
    </ClInclude>
    <ClInclude Include="modifyBackgroundColor.h">
      <Filter>Pliki źródłowe\additions\modifyBackgroundColor</Filter>
    </ClInclude>
    <ClInclude Include="position.h">
      <Filter>Pliki nagłówkowe</Filter>
    </ClInclude>
    <ClInclude Include="state.h">
      <Filter>Pliki nagłówkowe</Filter>
    </ClInclude>
    <ClInclude Include="AddUser.h">
      <Filter>Pliki źródłowe\query\AddUser</Filter>
    </ClInclude>
    <ClInclude Include="inputBox.h">
      <Filter>Pliki źródłowe\additions\inputBox</Filter>
    </ClInclude>
    <ClInclude Include="GetUsers.h">
      <Filter>Pliki źródłowe\query\GetUsers</Filter>
    </ClInclude>
    <ClInclude Include="logInQuery.h">
      <Filter>Pliki źródłowe\query\LogIn</Filter>
    </ClInclude>
    <ClInclude Include="createGameSession.h">
      <Filter>Pliki źródłowe\query\createGameSession</Filter>
    </ClInclude>
    <ClInclude Include="getGameSessions.h">
      <Filter>Pliki źródłowe\query\GetGameSessions</Filter>
    </ClInclude>
    <ClInclude Include="GetTerrain.h">
      <Filter>Pliki źródłowe\query\GetTerrain</Filter>
    </ClInclude>
    <ClInclude Include="GetProvinces.h">
      <Filter>Pliki źródłowe\query\GetProvinces</Filter>
    </ClInclude>
    <ClInclude Include="GridTileDef.h">
      <Filter>Pliki nagłówkowe\GridTile</Filter>
    </ClInclude>
    <ClInclude Include="ProvinceTextures.h">
      <Filter>Pliki źródłowe\additions\ProvinceTextures</Filter>
    </ClInclude>
    <ClInclude Include="GetCivilizations.h">
      <Filter>Pliki źródłowe\query\GetCivilizations</Filter>
    </ClInclude>
    <ClInclude Include="GetPoliticalDivision.h">
      <Filter>Pliki źródłowe\query\GetPoliticalDivision</Filter>
    </ClInclude>
  </ItemGroup>
</Project>